
Microsoft Visual Studio Solution File, Format Version 12.00
# Visual Studio Version 17
VisualStudioVersion = 17.3.32901.215
MinimumVisualStudioVersion = 10.0.40219.1
Project("{8BC9CEB8-8B4A-11D0-8D11-00A0C91BC942}") = "Lab5_Kenny_Sical_1273922", "Lab5_Kenny_Sical_1273922\Lab5_Kenny_Sical_1273922.vcxproj", "{CD08EB49-0283-454F-AFA0-2CE40EAF35D8}"
EndProject
Global
	GlobalSection(SolutionConfigurationPlatforms) = preSolution
		Debug|x64 = Debug|x64
		Debug|x86 = Debug|x86
		Release|x64 = Release|x64
		Release|x86 = Release|x86
	EndGlobalSection
	GlobalSection(ProjectConfigurationPlatforms) = postSolution
		{CD08EB49-0283-454F-AFA0-2CE40EAF35D8}.Debug|x64.ActiveCfg = Debug|x64
		{CD08EB49-0283-454F-AFA0-2CE40EAF35D8}.Debug|x64.Build.0 = Debug|x64
		{CD08EB49-0283-454F-AFA0-2CE40EAF35D8}.Debug|x86.ActiveCfg = Debug|Win32
		{CD08EB49-0283-454F-AFA0-2CE40EAF35D8}.Debug|x86.Build.0 = Debug|Win32
		{CD08EB49-0283-454F-AFA0-2CE40EAF35D8}.Release|x64.ActiveCfg = Release|x64
		{CD08EB49-0283-454F-AFA0-2CE40EAF35D8}.Release|x64.Build.0 = Release|x64
		{CD08EB49-0283-454F-AFA0-2CE40EAF35D8}.Release|x86.ActiveCfg = Release|Win32
		{CD08EB49-0283-454F-AFA0-2CE40EAF35D8}.Release|x86.Build.0 = Release|Win32
	EndGlobalSection
	GlobalSection(SolutionProperties) = preSolution
		HideSolutionNode = FALSE
	EndGlobalSection
	GlobalSection(ExtensibilityGlobals) = postSolution
		SolutionGuid = {A897DDE8-6187-4FBA-AC7B-2108E2D85B4B}
	EndGlobalSection
EndGlobal
